# THIS IS AN AUTOGENERATED FILE. DO NOT EDIT THIS FILE DIRECTLY.
# yarn lockfile v1


"@hugojosefson/env-config@^2.0.1":
  version "2.0.1"
  resolved "https://registry.yarnpkg.com/@hugojosefson/env-config/-/env-config-2.0.1.tgz#766ed5f9fb761ef51f2743e0fe4589ff0af58bd3"
  integrity sha512-BzJIRlC/5LL9qsswkLANpA952IY9mMkC7tZiuHVIs90wfmfHCtW7g7mEEJ+wq/8IsdrDPqfuWDw8voaM9DX4Rg==
